// !$*UTF8*$!
{
	archiveVersion = 1;
	classes = {
	};
	objectVersion = 46;
	objects = {

/* Begin PBXBuildFile section */
		9207165E19EB2CFE00A49B1D /* AppDelegate.swift in Sources */ = {isa = PBXBuildFile; fileRef = 9207165D19EB2CFE00A49B1D /* AppDelegate.swift */; };
		9207166019EB2CFE00A49B1D /* ViewController.swift in Sources */ = {isa = PBXBuildFile; fileRef = 9207165F19EB2CFE00A49B1D /* ViewController.swift */; };
		9207166319EB2CFE00A49B1D /* Main.storyboard in Resources */ = {isa = PBXBuildFile; fileRef = 9207166119EB2CFE00A49B1D /* Main.storyboard */; };
		9207166519EB2CFE00A49B1D /* Images.xcassets in Resources */ = {isa = PBXBuildFile; fileRef = 9207166419EB2CFE00A49B1D /* Images.xcassets */; };
		9207166819EB2CFE00A49B1D /* LaunchScreen.xib in Resources */ = {isa = PBXBuildFile; fileRef = 9207166619EB2CFE00A49B1D /* LaunchScreen.xib */; };
		9207167419EB2CFE00A49B1D /* Is_it_prime_Tests.swift in Sources */ = {isa = PBXBuildFile; fileRef = 9207167319EB2CFE00A49B1D /* Is_it_prime_Tests.swift */; };
/* End PBXBuildFile section */

/* Begin PBXContainerItemProxy section */
		9207166E19EB2CFE00A49B1D /* PBXContainerItemProxy */ = {
			isa = PBXContainerItemProxy;
			containerPortal = 9207165019EB2CFE00A49B1D /* Project object */;
			proxyType = 1;
			remoteGlobalIDString = 9207165719EB2CFE00A49B1D;
			remoteInfo = "Is it prime?";
		};
/* End PBXContainerItemProxy section */

/* Begin PBXFileReference section */
		9207165819EB2CFE00A49B1D /* Is it prime?.app */ = {isa = PBXFileReference; explicitFileType = wrapper.application; includeInIndex = 0; path = "Is it prime?.app"; sourceTree = BUILT_PRODUCTS_DIR; };
		9207165C19EB2CFE00A49B1D /* Info.plist */ = {isa = PBXFileReference; lastKnownFileType = text.plist.xml; path = Info.plist; sourceTree = "<group>"; };
		9207165D19EB2CFE00A49B1D /* AppDelegate.swift */ = {isa = PBXFileReference; lastKnownFileType = sourcecode.swift; path = AppDelegate.swift; sourceTree = "<group>"; };
		9207165F19EB2CFE00A49B1D /* ViewController.swift */ = {isa = PBXFileReference; lastKnownFileType = sourcecode.swift; path = ViewController.swift; sourceTree = "<group>"; };
		9207166219EB2CFE00A49B1D /* Base */ = {isa = PBXFileReference; lastKnownFileType = file.storyboard; name = Base; path = Base.lproj/Main.storyboard; sourceTree = "<group>"; };
		9207166419EB2CFE00A49B1D /* Images.xcassets */ = {isa = PBXFileReference; lastKnownFileType = folder.assetcatalog; path = Images.xcassets; sourceTree = "<group>"; };
		9207166719EB2CFE00A49B1D /* Base */ = {isa = PBXFileReference; lastKnownFileType = file.xib; name = Base; path = Base.lproj/LaunchScreen.xib; sourceTree = "<group>"; };
		9207166D19EB2CFE00A49B1D /* Is it prime?Tests.xctest */ = {isa = PBXFileReference; explicitFileType = wrapper.cfbundle; includeInIndex = 0; path = "Is it prime?Tests.xctest"; sourceTree = BUILT_PRODUCTS_DIR; };
		9207167219EB2CFE00A49B1D /* Info.plist */ = {isa = PBXFileReference; lastKnownFileType = text.plist.xml; path = Info.plist; sourceTree = "<group>"; };
		9207167319EB2CFE00A49B1D /* Is_it_prime_Tests.swift */ = {isa = PBXFileReference; lastKnownFileType = sourcecode.swift; path = Is_it_prime_Tests.swift; sourceTree = "<group>"; };
/* End PBXFileReference section */

/* Begin PBXFrameworksBuildPhase section */
		9207165519EB2CFE00A49B1D /* Frameworks */ = {
			isa = PBXFrameworksBuildPhase;
			buildActionMask = 2147483647;
			files = (
			);
			runOnlyForDeploymentPostprocessing = 0;
		};
		9207166A19EB2CFE00A49B1D /* Frameworks */ = {
			isa = PBXFrameworksBuildPhase;
			buildActionMask = 2147483647;
			files = (
			);
			runOnlyForDeploymentPostprocessing = 0;
		};
/* End PBXFrameworksBuildPhase section */

/* Begin PBXGroup section */
		9207164F19EB2CFE00A49B1D = {
			isa = PBXGroup;
			children = (
				9207165A19EB2CFE00A49B1D /* Is it prime? */,
				9207167019EB2CFE00A49B1D /* Is it prime?Tests */,
				9207165919EB2CFE00A49B1D /* Products */,
			);
			sourceTree = "<group>";
		};
		9207165919EB2CFE00A49B1D /* Products */ = {
			isa = PBXGroup;
			children = (
				9207165819EB2CFE00A49B1D /* Is it prime?.app */,
				9207166D19EB2CFE00A49B1D /* Is it prime?Tests.xctest */,
			);
			name = Products;
			sourceTree = "<group>";
		};
		9207165A19EB2CFE00A49B1D /* Is it prime? */ = {
			isa = PBXGroup;
			children = (
				9207165D19EB2CFE00A49B1D /* AppDelegate.swift */,
				9207165F19EB2CFE00A49B1D /* ViewController.swift */,
				9207166119EB2CFE00A49B1D /* Main.storyboard */,
				9207166419EB2CFE00A49B1D /* Images.xcassets */,
				9207166619EB2CFE00A49B1D /* LaunchScreen.xib */,
				9207165B19EB2CFE00A49B1D /* Supporting Files */,
			);
			path = "Is it prime?";
			sourceTree = "<group>";
		};
		9207165B19EB2CFE00A49B1D /* Supporting Files */ = {
			isa = PBXGroup;
			children = (
				9207165C19EB2CFE00A49B1D /* Info.plist */,
			);
			name = "Supporting Files";
			sourceTree = "<group>";
		};
		9207167019EB2CFE00A49B1D /* Is it prime?Tests */ = {
			isa = PBXGroup;
			children = (
				9207167319EB2CFE00A49B1D /* Is_it_prime_Tests.swift */,
				9207167119EB2CFE00A49B1D /* Supporting Files */,
			);
			path = "Is it prime?Tests";
			sourceTree = "<group>";
		};
		9207167119EB2CFE00A49B1D /* Supporting Files */ = {
			isa = PBXGroup;
			children = (
				9207167219EB2CFE00A49B1D /* Info.plist */,
			);
			name = "Supporting Files";
			sourceTree = "<group>";
		};
/* End PBXGroup section */

/* Begin PBXNativeTarget section */
		9207165719EB2CFE00A49B1D /* Is it prime? */ = {
			isa = PBXNativeTarget;
			buildConfigurationList = 9207167719EB2CFE00A49B1D /* Build configuration list for PBXNativeTarget "Is it prime?" */;
			buildPhases = (
				9207165419EB2CFE00A49B1D /* Sources */,
				9207165519EB2CFE00A49B1D /* Frameworks */,
				9207165619EB2CFE00A49B1D /* Resources */,
			);
			buildRules = (
			);
			dependencies = (
			);
			name = "Is it prime?";
			productName = "Is it prime?";
			productReference = 9207165819EB2CFE00A49B1D /* Is it prime?.app */;
			productType = "com.apple.product-type.application";
		};
		9207166C19EB2CFE00A49B1D /* Is it prime?Tests */ = {
			isa = PBXNativeTarget;
			buildConfigurationList = 9207167A19EB2CFE00A49B1D /* Build configuration list for PBXNativeTarget "Is it prime?Tests" */;
			buildPhases = (
				9207166919EB2CFE00A49B1D /* Sources */,
				9207166A19EB2CFE00A49B1D /* Frameworks */,
				9207166B19EB2CFE00A49B1D /* Resources */,
			);
			buildRules = (
			);
			dependencies = (
				9207166F19EB2CFE00A49B1D /* PBXTargetDependency */,
			);
			name = "Is it prime?Tests";
			productName = "Is it prime?Tests";
			productReference = 9207166D19EB2CFE00A49B1D /* Is it prime?Tests.xctest */;
			productType = "com.apple.product-type.bundle.unit-test";
		};
/* End PBXNativeTarget section */

/* Begin PBXProject section */
		9207165019EB2CFE00A49B1D /* Project object */ = {
			isa = PBXProject;
			attributes = {
				LastUpgradeCheck = 0600;
				ORGANIZATIONNAME = nerdsville;
				TargetAttributes = {
					9207165719EB2CFE00A49B1D = {
						CreatedOnToolsVersion = 6.0.1;
					};
					9207166C19EB2CFE00A49B1D = {
						CreatedOnToolsVersion = 6.0.1;
						TestTargetID = 9207165719EB2CFE00A49B1D;
					};
				};
			};
			buildConfigurationList = 9207165319EB2CFE00A49B1D /* Build configuration list for PBXProject "Is it prime?" */;
			compatibilityVersion = "Xcode 3.2";
			developmentRegion = English;
			hasScannedForEncodings = 0;
			knownRegions = (
				en,
				Base,
			);
			mainGroup = 9207164F19EB2CFE00A49B1D;
			productRefGroup = 9207165919EB2CFE00A49B1D /* Products */;
			projectDirPath = "";
			projectRoot = "";
			targets = (
				9207165719EB2CFE00A49B1D /* Is it prime? */,
				9207166C19EB2CFE00A49B1D /* Is it prime?Tests */,
			);
		};
/* End PBXProject section */

/* Begin PBXResourcesBuildPhase section */
		9207165619EB2CFE00A49B1D /* Resources */ = {
			isa = PBXResourcesBuildPhase;
			buildActionMask = 2147483647;
			files = (
				9207166319EB2CFE00A49B1D /* Main.storyboard in Resources */,
				9207166819EB2CFE00A49B1D /* LaunchScreen.xib in Resources */,
				9207166519EB2CFE00A49B1D /* Images.xcassets in Resources */,
			);
			runOnlyForDeploymentPostprocessing = 0;
		};
		9207166B19EB2CFE00A49B1D /* Resources */ = {
			isa = PBXResourcesBuildPhase;
			buildActionMask = 2147483647;
			files = (
			);
			runOnlyForDeploymentPostprocessing = 0;
		};
/* End PBXResourcesBuildPhase section */

/* Begin PBXSourcesBuildPhase section */
		9207165419EB2CFE00A49B1D /* Sources */ = {
			isa = PBXSourcesBuildPhase;
			buildActionMask = 2147483647;
			files = (
				9207166019EB2CFE00A49B1D /* ViewController.swift in Sources */,
				9207165E19EB2CFE00A49B1D /* AppDelegate.swift in Sources */,
			);
			runOnlyForDeploymentPostprocessing = 0;
		};
		9207166919EB2CFE00A49B1D /* Sources */ = {
			isa = PBXSourcesBuildPhase;
			buildActionMask = 2147483647;
			files = (
				9207167419EB2CFE00A49B1D /* Is_it_prime_Tests.swift in Sources */,
			);
			runOnlyForDeploymentPostprocessing = 0;
		};
/* End PBXSourcesBuildPhase section */

/* Begin PBXTargetDependency section */
		9207166F19EB2CFE00A49B1D /* PBXTargetDependency */ = {
			isa = PBXTargetDependency;
			target = 9207165719EB2CFE00A49B1D /* Is it prime? */;
			targetProxy = 9207166E19EB2CFE00A49B1D /* PBXContainerItemProxy */;
		};
/* End PBXTargetDependency section */

/* Begin PBXVariantGroup section */
		9207166119EB2CFE00A49B1D /* Main.storyboard */ = {
			isa = PBXVariantGroup;
			children = (
				9207166219EB2CFE00A49B1D /* Base */,
			);
			name = Main.storyboard;
			sourceTree = "<group>";
		};
		9207166619EB2CFE00A49B1D /* LaunchScreen.xib */ = {
			isa = PBXVariantGroup;
			children = (
				9207166719EB2CFE00A49B1D /* Base */,
			);
			name = LaunchScreen.xib;
			sourceTree = "<group>";
		};
/* End PBXVariantGroup section */

/* Begin XCBuildConfiguration section */
		9207167519EB2CFE00A49B1D /* Debug */ = {
			isa = XCBuildConfiguration;
			buildSettings = {
				ALWAYS_SEARCH_USER_PATHS = NO;
				CLANG_CXX_LANGUAGE_STANDARD = "gnu++0x";
				CLANG_CXX_LIBRARY = "libc++";
				CLANG_ENABLE_MODULES = YES;
				CLANG_ENABLE_OBJC_ARC = YES;
				CLANG_WARN_BOOL_CONVERSION = YES;
				CLANG_WARN_CONSTANT_CONVERSION = YES;
				CLANG_WARN_DIRECT_OBJC_ISA_USAGE = YES_ERROR;
				CLANG_WARN_EMPTY_BODY = YES;
				CLANG_WARN_ENUM_CONVERSION = YES;
				CLANG_WARN_INT_CONVERSION = YES;
				CLANG_WARN_OBJC_ROOT_CLASS = YES_ERROR;
				CLANG_WARN_UNREACHABLE_CODE = YES;
				CLANG_WARN__DUPLICATE_METHOD_MATCH = YES;
				"CODE_SIGN_IDENTITY[sdk=iphoneos*]" = "iPhone Developer";
				COPY_PHASE_STRIP = NO;
				ENABLE_STRICT_OBJC_MSGSEND = YES;
				GCC_C_LANGUAGE_STANDARD = gnu99;
				GCC_DYNAMIC_NO_PIC = NO;
				GCC_OPTIMIZATION_LEVEL = 0;
				GCC_PREPROCESSOR_DEFINITIONS = (
					"DEBUG=1",
					"$(inherited)",
				);
				GCC_SYMBOLS_PRIVATE_EXTERN = NO;
				GCC_WARN_64_TO_32_BIT_CONVERSION = YES;
				GCC_WARN_ABOUT_RETURN_TYPE = YES_ERROR;
				GCC_WARN_UNDECLARED_SELECTOR = YES;
				GCC_WARN_UNINITIALIZED_AUTOS = YES_AGGRESSIVE;
				GCC_WARN_UNUSED_FUNCTION = YES;
				GCC_WARN_UNUSED_VARIABLE = YES;
				IPHONEOS_DEPLOYMENT_TARGET = 8.0;
				MTL_ENABLE_DEBUG_INFO = YES;
				ONLY_ACTIVE_ARCH = YES;
				SDKROOT = iphoneos;
				SWIFT_OPTIMIZATION_LEVEL = "-Onone";
			};
			name = Debug;
		};
		9207167619EB2CFE00A49B1D /* Release */ = {
			isa = XCBuildConfiguration;
			buildSettings = {
				ALWAYS_SEARCH_USER_PATHS = NO;
				CLANG_CXX_LANGUAGE_STANDARD = "gnu++0x";
				CLANG_CXX_LIBRARY = "libc++";
				CLANG_ENABLE_MODULES = YES;
				CLANG_ENABLE_OBJC_ARC = YES;
				CLANG_WARN_BOOL_CONVERSION = YES;
				CLANG_WARN_CONSTANT_CONVERSION = YES;
				CLANG_WARN_DIRECT_OBJC_ISA_USAGE = YES_ERROR;
				CLANG_WARN_EMPTY_BODY = YES;
				CLANG_WARN_ENUM_CONVERSION = YES;
				CLANG_WARN_INT_CONVERSION = YES;
				CLANG_WARN_OBJC_ROOT_CLASS = YES_ERROR;
				CLANG_WARN_UNREACHABLE_CODE = YES;
				CLANG_WARN__DUPLICATE_METHOD_MATCH = YES;
				"CODE_SIGN_IDENTITY[sdk=iphoneos*]" = "iPhone Developer";
				COPY_PHASE_STRIP = YES;
				ENABLE_NS_ASSERTIONS = NO;
				ENABLE_STRICT_OBJC_MSGSEND = YES;
				GCC_C_LANGUAGE_STANDARD = gnu99;
				GCC_WARN_64_TO_32_BIT_CONVERSION = YES;
				GCC_WARN_ABOUT_RETURN_TYPE = YES_ERROR;
				GCC_WARN_UNDECLARED_SELECTOR = YES;
				GCC_WARN_UNINITIALIZED_AUTOS = YES_AGGRESSIVE;
				GCC_WARN_UNUSED_FUNCTION = YES;
				GCC_WARN_UNUSED_VARIABLE = YES;
				IPHONEOS_DEPLOYMENT_TARGET = 8.0;
				MTL_ENABLE_DEBUG_INFO = NO;
				SDKROOT = iphoneos;
				VALIDATE_PRODUCT = YES;
			};
			name = Release;
		};
		9207167819EB2CFE00A49B1D /* Debug */ = {
			isa = XCBuildConfiguration;
			buildSettings = {
				ASSETCATALOG_COMPILER_APPICON_NAME = AppIcon;
				INFOPLIST_FILE = "Is it prime?/Info.plist";
				LD_RUNPATH_SEARCH_PATHS = "$(inherited) @executable_path/Frameworks";
				PRODUCT_NAME = "$(TARGET_NAME)";
			};
			name = Debug;
		};
		9207167919EB2CFE00A49B1D /* Release */ = {
			isa = XCBuildConfiguration;
			buildSettings = {
				ASSETCATALOG_COMPILER_APPICON_NAME = AppIcon;
				INFOPLIST_FILE = "Is it prime?/Info.plist";
				LD_RUNPATH_SEARCH_PATHS = "$(inherited) @executable_path/Frameworks";
				PRODUCT_NAME = "$(TARGET_NAME)";
			};
			name = Release;
		};
		9207167B19EB2CFE00A49B1D /* Debug */ = {
			isa = XCBuildConfiguration;
			buildSettings = {
				BUNDLE_LOADER = "$(TEST_HOST)";
				FRAMEWORK_SEARCH_PATHS = (
					"$(SDKROOT)/Developer/Library/Frameworks",
					"$(inherited)",
				);
				GCC_PREPROCESSOR_DEFINITIONS = (
					"DEBUG=1",
					"$(inherited)",
				);
				INFOPLIST_FILE = "Is it prime?Tests/Info.plist";
				LD_RUNPATH_SEARCH_PATHS = "$(inherited) @executable_path/Frameworks @loader_path/Frameworks";
				PRODUCT_NAME = "$(TARGET_NAME)";
				TEST_HOST = "$(BUILT_PRODUCTS_DIR)/Is it prime?.app/Is it prime?";
			};
			name = Debug;
		};
		9207167C19EB2CFE00A49B1D /* Release */ = {
			isa = XCBuildConfiguration;
			buildSettings = {
				BUNDLE_LOADER = "$(TEST_HOST)";
				FRAMEWORK_SEARCH_PATHS = (
					"$(SDKROOT)/Developer/Library/Frameworks",
					"$(inherited)",
				);
				INFOPLIST_FILE = "Is it prime?Tests/Info.plist";
				LD_RUNPATH_SEARCH_PATHS = "$(inherited) @executable_path/Frameworks @loader_path/Frameworks";
				PRODUCT_NAME = "$(TARGET_NAME)";
				TEST_HOST = "$(BUILT_PRODUCTS_DIR)/Is it prime?.app/Is it prime?";
			};
			name = Release;
		};
/* End XCBuildConfiguration section */

/* Begin XCConfigurationList section */
		9207165319EB2CFE00A49B1D /* Build configuration list for PBXProject "Is it prime?" */ = {
			isa = XCConfigurationList;
			buildConfigurations = (
				9207167519EB2CFE00A49B1D /* Debug */,
				9207167619EB2CFE00A49B1D /* Release */,
			);
			defaultConfigurationIsVisible = 0;
			defaultConfigurationName = Release;
		};
		9207167719EB2CFE00A49B1D /* Build configuration list for PBXNativeTarget "Is it prime?" */ = {
			isa = XCConfigurationList;
			buildConfigurations = (
				9207167819EB2CFE00A49B1D /* Debug */,
				9207167919EB2CFE00A49B1D /* Release */,
			);
			defaultConfigurationIsVisible = 0;
		};
		9207167A19EB2CFE00A49B1D /* Build configuration list for PBXNativeTarget "Is it prime?Tests" */ = {
			isa = XCConfigurationList;
			buildConfigurations = (
				9207167B19EB2CFE00A49B1D /* Debug */,
				9207167C19EB2CFE00A49B1D /* Release */,
			);
			defaultConfigurationIsVisible = 0;
		};
/* End XCConfigurationList section */
	};
	rootObject = 9207165019EB2CFE00A49B1D /* Project object */;
}
